
Microsoft Visual Studio Solution File, Format Version 12.00
# Visual Studio Version 17
VisualStudioVersion = 17.14.36511.14 d17.14
MinimumVisualStudioVersion = 10.0.40219.1
Project("{FAE04EC0-301F-11D3-BF4B-00C04F79EFBC}") = "BurnoutinhosProject", "BurnoutinhosProject\BurnoutinhosProject.csproj", "{F709B5C5-E7B6-4053-BAAB-5CD67B2F4B98}"
EndProject
Project("{FAE04EC0-301F-11D3-BF4B-00C04F79EFBC}") = "BurnoutinhosProject.Tests", "BurnoutinhosProject.Tests\BurnoutinhosProject.Tests.csproj", "{30F02D99-E653-4C72-88CC-72F108BD8D36}"
EndProject
Global
	GlobalSection(SolutionConfigurationPlatforms) = preSolution
		Debug|Any CPU = Debug|Any CPU
		Release|Any CPU = Release|Any CPU
	EndGlobalSection
	GlobalSection(ProjectConfigurationPlatforms) = postSolution
		{F709B5C5-E7B6-4053-BAAB-5CD67B2F4B98}.Debug|Any CPU.ActiveCfg = Debug|Any CPU
		{F709B5C5-E7B6-4053-BAAB-5CD67B2F4B98}.Debug|Any CPU.Build.0 = Debug|Any CPU
		{F709B5C5-E7B6-4053-BAAB-5CD67B2F4B98}.Release|Any CPU.ActiveCfg = Release|Any CPU
		{F709B5C5-E7B6-4053-BAAB-5CD67B2F4B98}.Release|Any CPU.Build.0 = Release|Any CPU
		{30F02D99-E653-4C72-88CC-72F108BD8D36}.Debug|Any CPU.ActiveCfg = Debug|Any CPU
		{30F02D99-E653-4C72-88CC-72F108BD8D36}.Debug|Any CPU.Build.0 = Debug|Any CPU
		{30F02D99-E653-4C72-88CC-72F108BD8D36}.Release|Any CPU.ActiveCfg = Release|Any CPU
		{30F02D99-E653-4C72-88CC-72F108BD8D36}.Release|Any CPU.Build.0 = Release|Any CPU
	EndGlobalSection
	GlobalSection(SolutionProperties) = preSolution
		HideSolutionNode = FALSE
	EndGlobalSection
	GlobalSection(ExtensibilityGlobals) = postSolution
		SolutionGuid = {C2B399D3-453D-4A8B-A060-697AD6CB8A5E}
	EndGlobalSection
EndGlobal
